// !$*UTF8*$!
{
	archiveVersion = 1;
	classes = {
	};
	objectVersion = 46;
	objects = {

/* Begin PBXBuildFile section */
		859BF1F31E8A38BF007DF8BF /* AppDelegate.swift in Sources */ = {isa = PBXBuildFile; fileRef = 859BF1F21E8A38BF007DF8BF /* AppDelegate.swift */; };
		859BF1F81E8A38BF007DF8BF /* Main.storyboard in Resources */ = {isa = PBXBuildFile; fileRef = 859BF1F61E8A38BF007DF8BF /* Main.storyboard */; };
		859BF1FA1E8A38BF007DF8BF /* Assets.xcassets in Resources */ = {isa = PBXBuildFile; fileRef = 859BF1F91E8A38BF007DF8BF /* Assets.xcassets */; };
		859BF1FD1E8A38BF007DF8BF /* LaunchScreen.storyboard in Resources */ = {isa = PBXBuildFile; fileRef = 859BF1FB1E8A38BF007DF8BF /* LaunchScreen.storyboard */; };
		859BF2431E8B60A4007DF8BF /* UILabel+layoutWidth.swift in Sources */ = {isa = PBXBuildFile; fileRef = 859BF2381E8B60A4007DF8BF /* UILabel+layoutWidth.swift */; };
		859BF2441E8B60A4007DF8BF /* UIView+AutoLayout.swift in Sources */ = {isa = PBXBuildFile; fileRef = 859BF2391E8B60A4007DF8BF /* UIView+AutoLayout.swift */; };
		859BF2451E8B60A4007DF8BF /* UIView+Frame.swift in Sources */ = {isa = PBXBuildFile; fileRef = 859BF23A1E8B60A4007DF8BF /* UIView+Frame.swift */; };
		859BF2461E8B60A4007DF8BF /* ZMonthlyCalendarTVC.swift in Sources */ = {isa = PBXBuildFile; fileRef = 859BF23C1E8B60A4007DF8BF /* ZMonthlyCalendarTVC.swift */; };
		859BF2471E8B60A4007DF8BF /* FSCellModel.swift in Sources */ = {isa = PBXBuildFile; fileRef = 859BF23E1E8B60A4007DF8BF /* FSCellModel.swift */; };
		859BF2481E8B60A4007DF8BF /* FinancialStatementsCell.swift in Sources */ = {isa = PBXBuildFile; fileRef = 859BF2401E8B60A4007DF8BF /* FinancialStatementsCell.swift */; };
		859BF2491E8B60A4007DF8BF /* FSTopCVCell.swift in Sources */ = {isa = PBXBuildFile; fileRef = 859BF2411E8B60A4007DF8BF /* FSTopCVCell.swift */; };
		859BF24A1E8B60A4007DF8BF /* FSTopScrollView.swift in Sources */ = {isa = PBXBuildFile; fileRef = 859BF2421E8B60A4007DF8BF /* FSTopScrollView.swift */; };
/* End PBXBuildFile section */

/* Begin PBXFileReference section */
		859BF1EF1E8A38BF007DF8BF /* ZMonthlyCalendar.app */ = {isa = PBXFileReference; explicitFileType = wrapper.application; includeInIndex = 0; path = ZMonthlyCalendar.app; sourceTree = BUILT_PRODUCTS_DIR; };
		859BF1F21E8A38BF007DF8BF /* AppDelegate.swift */ = {isa = PBXFileReference; lastKnownFileType = sourcecode.swift; path = AppDelegate.swift; sourceTree = "<group>"; };
		859BF1F71E8A38BF007DF8BF /* Base */ = {isa = PBXFileReference; lastKnownFileType = file.storyboard; name = Base; path = Base.lproj/Main.storyboard; sourceTree = "<group>"; };
		859BF1F91E8A38BF007DF8BF /* Assets.xcassets */ = {isa = PBXFileReference; lastKnownFileType = folder.assetcatalog; path = Assets.xcassets; sourceTree = "<group>"; };
		859BF1FC1E8A38BF007DF8BF /* Base */ = {isa = PBXFileReference; lastKnownFileType = file.storyboard; name = Base; path = Base.lproj/LaunchScreen.storyboard; sourceTree = "<group>"; };
		859BF1FE1E8A38BF007DF8BF /* Info.plist */ = {isa = PBXFileReference; lastKnownFileType = text.plist.xml; path = Info.plist; sourceTree = "<group>"; };
		859BF2381E8B60A4007DF8BF /* UILabel+layoutWidth.swift */ = {isa = PBXFileReference; fileEncoding = 4; lastKnownFileType = sourcecode.swift; path = "UILabel+layoutWidth.swift"; sourceTree = "<group>"; };
		859BF2391E8B60A4007DF8BF /* UIView+AutoLayout.swift */ = {isa = PBXFileReference; fileEncoding = 4; lastKnownFileType = sourcecode.swift; path = "UIView+AutoLayout.swift"; sourceTree = "<group>"; };
		859BF23A1E8B60A4007DF8BF /* UIView+Frame.swift */ = {isa = PBXFileReference; fileEncoding = 4; lastKnownFileType = sourcecode.swift; path = "UIView+Frame.swift"; sourceTree = "<group>"; };
		859BF23C1E8B60A4007DF8BF /* ZMonthlyCalendarTVC.swift */ = {isa = PBXFileReference; fileEncoding = 4; lastKnownFileType = sourcecode.swift; path = ZMonthlyCalendarTVC.swift; sourceTree = "<group>"; };
		859BF23E1E8B60A4007DF8BF /* FSCellModel.swift */ = {isa = PBXFileReference; fileEncoding = 4; lastKnownFileType = sourcecode.swift; path = FSCellModel.swift; sourceTree = "<group>"; };
		859BF2401E8B60A4007DF8BF /* FinancialStatementsCell.swift */ = {isa = PBXFileReference; fileEncoding = 4; lastKnownFileType = sourcecode.swift; path = FinancialStatementsCell.swift; sourceTree = "<group>"; };
		859BF2411E8B60A4007DF8BF /* FSTopCVCell.swift */ = {isa = PBXFileReference; fileEncoding = 4; lastKnownFileType = sourcecode.swift; path = FSTopCVCell.swift; sourceTree = "<group>"; };
		859BF2421E8B60A4007DF8BF /* FSTopScrollView.swift */ = {isa = PBXFileReference; fileEncoding = 4; lastKnownFileType = sourcecode.swift; path = FSTopScrollView.swift; sourceTree = "<group>"; };
/* End PBXFileReference section */

/* Begin PBXFrameworksBuildPhase section */
		859BF1EC1E8A38BF007DF8BF /* Frameworks */ = {
			isa = PBXFrameworksBuildPhase;
			buildActionMask = 2147483647;
			files = (
			);
			runOnlyForDeploymentPostprocessing = 0;
		};
/* End PBXFrameworksBuildPhase section */

/* Begin PBXGroup section */
		859BF1E61E8A38BF007DF8BF = {
			isa = PBXGroup;
			children = (
				859BF1F11E8A38BF007DF8BF /* ZMonthlyCalendar */,
				859BF1F01E8A38BF007DF8BF /* Products */,
			);
			sourceTree = "<group>";
		};
		859BF1F01E8A38BF007DF8BF /* Products */ = {
			isa = PBXGroup;
			children = (
				859BF1EF1E8A38BF007DF8BF /* ZMonthlyCalendar.app */,
			);
			name = Products;
			sourceTree = "<group>";
		};
		859BF1F11E8A38BF007DF8BF /* ZMonthlyCalendar */ = {
			isa = PBXGroup;
			children = (
				859BF2361E8B60A4007DF8BF /* sources */,
				859BF1F21E8A38BF007DF8BF /* AppDelegate.swift */,
				859BF1F61E8A38BF007DF8BF /* Main.storyboard */,
				859BF1F91E8A38BF007DF8BF /* Assets.xcassets */,
				859BF1FB1E8A38BF007DF8BF /* LaunchScreen.storyboard */,
				859BF1FE1E8A38BF007DF8BF /* Info.plist */,
			);
			path = ZMonthlyCalendar;
			sourceTree = "<group>";
		};
		859BF2361E8B60A4007DF8BF /* sources */ = {
			isa = PBXGroup;
			children = (
				859BF2371E8B60A4007DF8BF /* Category */,
				859BF23B1E8B60A4007DF8BF /* Controller */,
				859BF23D1E8B60A4007DF8BF /* Model */,
				859BF23F1E8B60A4007DF8BF /* View */,
			);
			path = sources;
			sourceTree = "<group>";
		};
		859BF2371E8B60A4007DF8BF /* Category */ = {
			isa = PBXGroup;
			children = (
				859BF2381E8B60A4007DF8BF /* UILabel+layoutWidth.swift */,
				859BF2391E8B60A4007DF8BF /* UIView+AutoLayout.swift */,
				859BF23A1E8B60A4007DF8BF /* UIView+Frame.swift */,
			);
			path = Category;
			sourceTree = "<group>";
		};
		859BF23B1E8B60A4007DF8BF /* Controller */ = {
			isa = PBXGroup;
			children = (
				859BF23C1E8B60A4007DF8BF /* ZMonthlyCalendarTVC.swift */,
			);
			path = Controller;
			sourceTree = "<group>";
		};
		859BF23D1E8B60A4007DF8BF /* Model */ = {
			isa = PBXGroup;
			children = (
				859BF23E1E8B60A4007DF8BF /* FSCellModel.swift */,
			);
			path = Model;
			sourceTree = "<group>";
		};
		859BF23F1E8B60A4007DF8BF /* View */ = {
			isa = PBXGroup;
			children = (
				859BF2401E8B60A4007DF8BF /* FinancialStatementsCell.swift */,
				859BF2411E8B60A4007DF8BF /* FSTopCVCell.swift */,
				859BF2421E8B60A4007DF8BF /* FSTopScrollView.swift */,
			);
			path = View;
			sourceTree = "<group>";
		};
/* End PBXGroup section */

/* Begin PBXNativeTarget section */
		859BF1EE1E8A38BF007DF8BF /* ZMonthlyCalendar */ = {
			isa = PBXNativeTarget;
			buildConfigurationList = 859BF2011E8A38BF007DF8BF /* Build configuration list for PBXNativeTarget "ZMonthlyCalendar" */;
			buildPhases = (
				859BF1EB1E8A38BF007DF8BF /* Sources */,
				859BF1EC1E8A38BF007DF8BF /* Frameworks */,
				859BF1ED1E8A38BF007DF8BF /* Resources */,
			);
			buildRules = (
			);
			dependencies = (
			);
			name = ZMonthlyCalendar;
			productName = ZMonthlyCalendar;
			productReference = 859BF1EF1E8A38BF007DF8BF /* ZMonthlyCalendar.app */;
			productType = "com.apple.product-type.application";
		};
/* End PBXNativeTarget section */

/* Begin PBXProject section */
		859BF1E71E8A38BF007DF8BF /* Project object */ = {
			isa = PBXProject;
			attributes = {
				LastSwiftUpdateCheck = 0800;
				LastUpgradeCheck = 0800;
				ORGANIZATIONNAME = zbx;
				TargetAttributes = {
					859BF1EE1E8A38BF007DF8BF = {
						CreatedOnToolsVersion = 8.0;
						DevelopmentTeam = JEKEKLL25H;
						ProvisioningStyle = Automatic;
					};
				};
			};
			buildConfigurationList = 859BF1EA1E8A38BF007DF8BF /* Build configuration list for PBXProject "ZMonthlyCalendar" */;
			compatibilityVersion = "Xcode 3.2";
			developmentRegion = English;
			hasScannedForEncodings = 0;
			knownRegions = (
				en,
				Base,
			);
			mainGroup = 859BF1E61E8A38BF007DF8BF;
			productRefGroup = 859BF1F01E8A38BF007DF8BF /* Products */;
			projectDirPath = "";
			projectRoot = "";
			targets = (
				859BF1EE1E8A38BF007DF8BF /* ZMonthlyCalendar */,
			);
		};
/* End PBXProject section */

/* Begin PBXResourcesBuildPhase section */
		859BF1ED1E8A38BF007DF8BF /* Resources */ = {
			isa = PBXResourcesBuildPhase;
			buildActionMask = 2147483647;
			files = (
				859BF1FD1E8A38BF007DF8BF /* LaunchScreen.storyboard in Resources */,
				859BF1FA1E8A38BF007DF8BF /* Assets.xcassets in Resources */,
				859BF1F81E8A38BF007DF8BF /* Main.storyboard in Resources */,
			);
			runOnlyForDeploymentPostprocessing = 0;
		};
/* End PBXResourcesBuildPhase section */

/* Begin PBXSourcesBuildPhase section */
		859BF1EB1E8A38BF007DF8BF /* Sources */ = {
			isa = PBXSourcesBuildPhase;
			buildActionMask = 2147483647;
			files = (
				859BF2471E8B60A4007DF8BF /* FSCellModel.swift in Sources */,
				859BF2491E8B60A4007DF8BF /* FSTopCVCell.swift in Sources */,
				859BF2451E8B60A4007DF8BF /* UIView+Frame.swift in Sources */,
				859BF24A1E8B60A4007DF8BF /* FSTopScrollView.swift in Sources */,
				859BF1F31E8A38BF007DF8BF /* AppDelegate.swift in Sources */,
				859BF2481E8B60A4007DF8BF /* FinancialStatementsCell.swift in Sources */,
				859BF2441E8B60A4007DF8BF /* UIView+AutoLayout.swift in Sources */,
				859BF2431E8B60A4007DF8BF /* UILabel+layoutWidth.swift in Sources */,
				859BF2461E8B60A4007DF8BF /* ZMonthlyCalendarTVC.swift in Sources */,
			);
			runOnlyForDeploymentPostprocessing = 0;
		};
/* End PBXSourcesBuildPhase section */

/* Begin PBXVariantGroup section */
		859BF1F61E8A38BF007DF8BF /* Main.storyboard */ = {
			isa = PBXVariantGroup;
			children = (
				859BF1F71E8A38BF007DF8BF /* Base */,
			);
			name = Main.storyboard;
			sourceTree = "<group>";
		};
		859BF1FB1E8A38BF007DF8BF /* LaunchScreen.storyboard */ = {
			isa = PBXVariantGroup;
			children = (
				859BF1FC1E8A38BF007DF8BF /* Base */,
			);
			name = LaunchScreen.storyboard;
			sourceTree = "<group>";
		};
/* End PBXVariantGroup section */

/* Begin XCBuildConfiguration section */
		859BF1FF1E8A38BF007DF8BF /* Debug */ = {
			isa = XCBuildConfiguration;
			buildSettings = {
				ALWAYS_SEARCH_USER_PATHS = NO;
				CLANG_ANALYZER_NONNULL = YES;
				CLANG_CXX_LANGUAGE_STANDARD = "gnu++0x";
				CLANG_CXX_LIBRARY = "libc++";
				CLANG_ENABLE_MODULES = YES;
				CLANG_ENABLE_OBJC_ARC = YES;
				CLANG_WARN_BOOL_CONVERSION = YES;
				CLANG_WARN_CONSTANT_CONVERSION = YES;
				CLANG_WARN_DIRECT_OBJC_ISA_USAGE = YES_ERROR;
				CLANG_WARN_DOCUMENTATION_COMMENTS = YES;
				CLANG_WARN_EMPTY_BODY = YES;
				CLANG_WARN_ENUM_CONVERSION = YES;
				CLANG_WARN_INFINITE_RECURSION = YES;
				CLANG_WARN_INT_CONVERSION = YES;
				CLANG_WARN_OBJC_ROOT_CLASS = YES_ERROR;
				CLANG_WARN_SUSPICIOUS_MOVES = YES;
				CLANG_WARN_UNREACHABLE_CODE = YES;
				CLANG_WARN__DUPLICATE_METHOD_MATCH = YES;
				"CODE_SIGN_IDENTITY[sdk=iphoneos*]" = "iPhone Developer";
				COPY_PHASE_STRIP = NO;
				DEBUG_INFORMATION_FORMAT = dwarf;
				ENABLE_STRICT_OBJC_MSGSEND = YES;
				ENABLE_TESTABILITY = YES;
				GCC_C_LANGUAGE_STANDARD = gnu99;
				GCC_DYNAMIC_NO_PIC = NO;
				GCC_NO_COMMON_BLOCKS = YES;
				GCC_OPTIMIZATION_LEVEL = 0;
				GCC_PREPROCESSOR_DEFINITIONS = (
					"DEBUG=1",
					"$(inherited)",
				);
				GCC_WARN_64_TO_32_BIT_CONVERSION = YES;
				GCC_WARN_ABOUT_RETURN_TYPE = YES_ERROR;
				GCC_WARN_UNDECLARED_SELECTOR = YES;
				GCC_WARN_UNINITIALIZED_AUTOS = YES_AGGRESSIVE;
				GCC_WARN_UNUSED_FUNCTION = YES;
				GCC_WARN_UNUSED_VARIABLE = YES;
				IPHONEOS_DEPLOYMENT_TARGET = 10.0;
				MTL_ENABLE_DEBUG_INFO = YES;
				ONLY_ACTIVE_ARCH = YES;
				SDKROOT = iphoneos;
				SWIFT_ACTIVE_COMPILATION_CONDITIONS = DEBUG;
				SWIFT_OPTIMIZATION_LEVEL = "-Onone";
			};
			name = Debug;
		};
		859BF2001E8A38BF007DF8BF /* Release */ = {
			isa = XCBuildConfiguration;
			buildSettings = {
				ALWAYS_SEARCH_USER_PATHS = NO;
				CLANG_ANALYZER_NONNULL = YES;
				CLANG_CXX_LANGUAGE_STANDARD = "gnu++0x";
				CLANG_CXX_LIBRARY = "libc++";
				CLANG_ENABLE_MODULES = YES;
				CLANG_ENABLE_OBJC_ARC = YES;
				CLANG_WARN_BOOL_CONVERSION = YES;
				CLANG_WARN_CONSTANT_CONVERSION = YES;
				CLANG_WARN_DIRECT_OBJC_ISA_USAGE = YES_ERROR;
				CLANG_WARN_DOCUMENTATION_COMMENTS = YES;
				CLANG_WARN_EMPTY_BODY = YES;
				CLANG_WARN_ENUM_CONVERSION = YES;
				CLANG_WARN_INFINITE_RECURSION = YES;
				CLANG_WARN_INT_CONVERSION = YES;
				CLANG_WARN_OBJC_ROOT_CLASS = YES_ERROR;
				CLANG_WARN_SUSPICIOUS_MOVES = YES;
				CLANG_WARN_UNREACHABLE_CODE = YES;
				CLANG_WARN__DUPLICATE_METHOD_MATCH = YES;
				"CODE_SIGN_IDENTITY[sdk=iphoneos*]" = "iPhone Developer";
				COPY_PHASE_STRIP = NO;
				DEBUG_INFORMATION_FORMAT = "dwarf-with-dsym";
				ENABLE_NS_ASSERTIONS = NO;
				ENABLE_STRICT_OBJC_MSGSEND = YES;
				GCC_C_LANGUAGE_STANDARD = gnu99;
				GCC_NO_COMMON_BLOCKS = YES;
				GCC_WARN_64_TO_32_BIT_CONVERSION = YES;
				GCC_WARN_ABOUT_RETURN_TYPE = YES_ERROR;
				GCC_WARN_UNDECLARED_SELECTOR = YES;
				GCC_WARN_UNINITIALIZED_AUTOS = YES_AGGRESSIVE;
				GCC_WARN_UNUSED_FUNCTION = YES;
				GCC_WARN_UNUSED_VARIABLE = YES;
				IPHONEOS_DEPLOYMENT_TARGET = 10.0;
				MTL_ENABLE_DEBUG_INFO = NO;
				SDKROOT = iphoneos;
				SWIFT_OPTIMIZATION_LEVEL = "-Owholemodule";
				VALIDATE_PRODUCT = YES;
			};
			name = Release;
		};
		859BF2021E8A38BF007DF8BF /* Debug */ = {
			isa = XCBuildConfiguration;
			buildSettings = {
				ASSETCATALOG_COMPILER_APPICON_NAME = AppIcon;
				DEVELOPMENT_TEAM = JEKEKLL25H;
				INFOPLIST_FILE = ZMonthlyCalendar/Info.plist;
				IPHONEOS_DEPLOYMENT_TARGET = 8.0;
				LD_RUNPATH_SEARCH_PATHS = "$(inherited) @executable_path/Frameworks";
				PRODUCT_BUNDLE_IDENTIFIER = com.wzboy.ZMonthlyCalendar;
				PRODUCT_NAME = "$(TARGET_NAME)";
				SWIFT_VERSION = 3.0;
			};
			name = Debug;
		};
		859BF2031E8A38BF007DF8BF /* Release */ = {
			isa = XCBuildConfiguration;
			buildSettings = {
				ASSETCATALOG_COMPILER_APPICON_NAME = AppIcon;
				DEVELOPMENT_TEAM = JEKEKLL25H;
				INFOPLIST_FILE = ZMonthlyCalendar/Info.plist;
				IPHONEOS_DEPLOYMENT_TARGET = 8.0;
				LD_RUNPATH_SEARCH_PATHS = "$(inherited) @executable_path/Frameworks";
				PRODUCT_BUNDLE_IDENTIFIER = com.wzboy.ZMonthlyCalendar;
				PRODUCT_NAME = "$(TARGET_NAME)";
				SWIFT_VERSION = 3.0;
			};
			name = Release;
		};
/* End XCBuildConfiguration section */

/* Begin XCConfigurationList section */
		859BF1EA1E8A38BF007DF8BF /* Build configuration list for PBXProject "ZMonthlyCalendar" */ = {
			isa = XCConfigurationList;
			buildConfigurations = (
				859BF1FF1E8A38BF007DF8BF /* Debug */,
				859BF2001E8A38BF007DF8BF /* Release */,
			);
			defaultConfigurationIsVisible = 0;
			defaultConfigurationName = Release;
		};
		859BF2011E8A38BF007DF8BF /* Build configuration list for PBXNativeTarget "ZMonthlyCalendar" */ = {
			isa = XCConfigurationList;
			buildConfigurations = (
				859BF2021E8A38BF007DF8BF /* Debug */,
				859BF2031E8A38BF007DF8BF /* Release */,
			);
			defaultConfigurationIsVisible = 0;
			defaultConfigurationName = Release;
		};
/* End XCConfigurationList section */
	};
	rootObject = 859BF1E71E8A38BF007DF8BF /* Project object */;
}
